
Microsoft Visual Studio Solution File, Format Version 12.00
Project("{FAE04EC0-301F-11D3-BF4B-00C04F79EFBC}") = "apartment-meters.API", "apartment-meters.API\apartment-meters.API.csproj", "{A66DE663-0648-42EB-A9D9-C2A1FF1E7457}"
EndProject
Project("{2150E333-8FDC-42A3-9474-1A3956D46DE8}") = "Test", "Test", "{28D7076E-5969-4C93-A64F-15BEE1240369}"
EndProject
Project("{FAE04EC0-301F-11D3-BF4B-00C04F79EFBC}") = "apartment-meters.Application.Tests", "apartment-meters.Application.Tests\apartment-meters.Application.Tests.csproj", "{A19D1AB5-440C-4197-A166-422681AF114E}"
EndProject
Project("{2150E333-8FDC-42A3-9474-1A3956D46DE8}") = "Presentation", "Presentation", "{DE9E1259-BDF6-433B-B8C5-8704FF47413A}"
EndProject
Project("{2150E333-8FDC-42A3-9474-1A3956D46DE8}") = "Infrastructure", "Infrastructure", "{B6D1C930-2D72-4FC2-ACDA-83577A8A17C2}"
EndProject
Project("{FAE04EC0-301F-11D3-BF4B-00C04F79EFBC}") = "apartment-meters.Data", "apartment-meters.Data\apartment-meters.Data.csproj", "{9D8C5C57-2A61-4813-9482-E2291DA5D9B3}"
EndProject
Global
	GlobalSection(SolutionConfigurationPlatforms) = preSolution
		Debug|Any CPU = Debug|Any CPU
		Release|Any CPU = Release|Any CPU
	EndGlobalSection
	GlobalSection(ProjectConfigurationPlatforms) = postSolution
		{A66DE663-0648-42EB-A9D9-C2A1FF1E7457}.Debug|Any CPU.ActiveCfg = Debug|Any CPU
		{A66DE663-0648-42EB-A9D9-C2A1FF1E7457}.Debug|Any CPU.Build.0 = Debug|Any CPU
		{A66DE663-0648-42EB-A9D9-C2A1FF1E7457}.Release|Any CPU.ActiveCfg = Release|Any CPU
		{A66DE663-0648-42EB-A9D9-C2A1FF1E7457}.Release|Any CPU.Build.0 = Release|Any CPU
		{A19D1AB5-440C-4197-A166-422681AF114E}.Debug|Any CPU.ActiveCfg = Debug|Any CPU
		{A19D1AB5-440C-4197-A166-422681AF114E}.Debug|Any CPU.Build.0 = Debug|Any CPU
		{A19D1AB5-440C-4197-A166-422681AF114E}.Release|Any CPU.ActiveCfg = Release|Any CPU
		{A19D1AB5-440C-4197-A166-422681AF114E}.Release|Any CPU.Build.0 = Release|Any CPU
		{9D8C5C57-2A61-4813-9482-E2291DA5D9B3}.Debug|Any CPU.ActiveCfg = Debug|Any CPU
		{9D8C5C57-2A61-4813-9482-E2291DA5D9B3}.Debug|Any CPU.Build.0 = Debug|Any CPU
		{9D8C5C57-2A61-4813-9482-E2291DA5D9B3}.Release|Any CPU.ActiveCfg = Release|Any CPU
		{9D8C5C57-2A61-4813-9482-E2291DA5D9B3}.Release|Any CPU.Build.0 = Release|Any CPU
	EndGlobalSection
	GlobalSection(NestedProjects) = preSolution
		{A19D1AB5-440C-4197-A166-422681AF114E} = {28D7076E-5969-4C93-A64F-15BEE1240369}
		{A66DE663-0648-42EB-A9D9-C2A1FF1E7457} = {DE9E1259-BDF6-433B-B8C5-8704FF47413A}
		{9D8C5C57-2A61-4813-9482-E2291DA5D9B3} = {B6D1C930-2D72-4FC2-ACDA-83577A8A17C2}
	EndGlobalSection
EndGlobal
