
Microsoft Visual Studio Solution File, Format Version 12.00
Project("{FAE04EC0-301F-11D3-BF4B-00C04F79EFBC}") = "apartment-meters.API", "apartment-meters.API\apartment-meters.API.csproj", "{A66DE663-0648-42EB-A9D9-C2A1FF1E7457}"
EndProject
Project("{FAE04EC0-301F-11D3-BF4B-00C04F79EFBC}") = "apartment-meters.Tests", "apartment-meters.Tests\apartment-meters.Tests.csproj", "{A19D1AB5-440C-4197-A166-422681AF114E}"
EndProject
Project("{FAE04EC0-301F-11D3-BF4B-00C04F79EFBC}") = "apartment-meters.Persistence", "apartment-meters.Persistence\apartment-meters.Persistence.csproj", "{9D8C5C57-2A61-4813-9482-E2291DA5D9B3}"
EndProject
Project("{FAE04EC0-301F-11D3-BF4B-00C04F79EFBC}") = "apartment-meters.Infrastructure", "apartment-meters.Infrastructure\apartment-meters.Infrastructure.csproj", "{35837E5F-0A37-47EF-BDA4-A3BAFE93736D}"
EndProject
Project("{FAE04EC0-301F-11D3-BF4B-00C04F79EFBC}") = "apartment-meters.Domain", "apartment-meters.Domain\apartment-meters.Domain.csproj", "{C77272D1-8891-41C8-A42F-EBDED47E3258}"
EndProject
Project("{FAE04EC0-301F-11D3-BF4B-00C04F79EFBC}") = "apartment-meters.Application", "apartment-meters.Application\apartment-meters.Application.csproj", "{3DC7517B-5AA4-43E9-BDFC-A81FBBCE7E2E}"
EndProject
Global
	GlobalSection(SolutionConfigurationPlatforms) = preSolution
		Debug|Any CPU = Debug|Any CPU
		Release|Any CPU = Release|Any CPU
	EndGlobalSection
	GlobalSection(ProjectConfigurationPlatforms) = postSolution
		{A66DE663-0648-42EB-A9D9-C2A1FF1E7457}.Debug|Any CPU.ActiveCfg = Debug|Any CPU
		{A66DE663-0648-42EB-A9D9-C2A1FF1E7457}.Debug|Any CPU.Build.0 = Debug|Any CPU
		{A66DE663-0648-42EB-A9D9-C2A1FF1E7457}.Release|Any CPU.ActiveCfg = Release|Any CPU
		{A66DE663-0648-42EB-A9D9-C2A1FF1E7457}.Release|Any CPU.Build.0 = Release|Any CPU
		{A19D1AB5-440C-4197-A166-422681AF114E}.Debug|Any CPU.ActiveCfg = Debug|Any CPU
		{A19D1AB5-440C-4197-A166-422681AF114E}.Debug|Any CPU.Build.0 = Debug|Any CPU
		{A19D1AB5-440C-4197-A166-422681AF114E}.Release|Any CPU.ActiveCfg = Release|Any CPU
		{A19D1AB5-440C-4197-A166-422681AF114E}.Release|Any CPU.Build.0 = Release|Any CPU
		{9D8C5C57-2A61-4813-9482-E2291DA5D9B3}.Debug|Any CPU.ActiveCfg = Debug|Any CPU
		{9D8C5C57-2A61-4813-9482-E2291DA5D9B3}.Debug|Any CPU.Build.0 = Debug|Any CPU
		{9D8C5C57-2A61-4813-9482-E2291DA5D9B3}.Release|Any CPU.ActiveCfg = Release|Any CPU
		{9D8C5C57-2A61-4813-9482-E2291DA5D9B3}.Release|Any CPU.Build.0 = Release|Any CPU
		{35837E5F-0A37-47EF-BDA4-A3BAFE93736D}.Debug|Any CPU.ActiveCfg = Debug|Any CPU
		{35837E5F-0A37-47EF-BDA4-A3BAFE93736D}.Debug|Any CPU.Build.0 = Debug|Any CPU
		{35837E5F-0A37-47EF-BDA4-A3BAFE93736D}.Release|Any CPU.ActiveCfg = Release|Any CPU
		{35837E5F-0A37-47EF-BDA4-A3BAFE93736D}.Release|Any CPU.Build.0 = Release|Any CPU
		{C77272D1-8891-41C8-A42F-EBDED47E3258}.Debug|Any CPU.ActiveCfg = Debug|Any CPU
		{C77272D1-8891-41C8-A42F-EBDED47E3258}.Debug|Any CPU.Build.0 = Debug|Any CPU
		{C77272D1-8891-41C8-A42F-EBDED47E3258}.Release|Any CPU.ActiveCfg = Release|Any CPU
		{C77272D1-8891-41C8-A42F-EBDED47E3258}.Release|Any CPU.Build.0 = Release|Any CPU
		{3DC7517B-5AA4-43E9-BDFC-A81FBBCE7E2E}.Debug|Any CPU.ActiveCfg = Debug|Any CPU
		{3DC7517B-5AA4-43E9-BDFC-A81FBBCE7E2E}.Debug|Any CPU.Build.0 = Debug|Any CPU
		{3DC7517B-5AA4-43E9-BDFC-A81FBBCE7E2E}.Release|Any CPU.ActiveCfg = Release|Any CPU
		{3DC7517B-5AA4-43E9-BDFC-A81FBBCE7E2E}.Release|Any CPU.Build.0 = Release|Any CPU
	EndGlobalSection
	GlobalSection(NestedProjects) = preSolution
	EndGlobalSection
EndGlobal
